
Microsoft Visual Studio Solution File, Format Version 12.00
# Visual Studio 15
VisualStudioVersion = 15.0.28307.852
MinimumVisualStudioVersion = 10.0.40219.1
Project("{FAE04EC0-301F-11D3-BF4B-00C04F79EFBC}") = "Unity3DCompressor", "Unity3DCompressor\Unity3DCompressor.csproj", "{B795718A-7708-46CB-A8CE-BDA367840C39}"
EndProject
Global
	GlobalSection(SolutionConfigurationPlatforms) = preSolution
		Debug|Any CPU = Debug|Any CPU
		Release|Any CPU = Release|Any CPU
	EndGlobalSection
	GlobalSection(ProjectConfigurationPlatforms) = postSolution
		{B795718A-7708-46CB-A8CE-BDA367840C39}.Debug|Any CPU.ActiveCfg = Debug|Any CPU
		{B795718A-7708-46CB-A8CE-BDA367840C39}.Debug|Any CPU.Build.0 = Debug|Any CPU
		{B795718A-7708-46CB-A8CE-BDA367840C39}.Release|Any CPU.ActiveCfg = Release|Any CPU
		{B795718A-7708-46CB-A8CE-BDA367840C39}.Release|Any CPU.Build.0 = Release|Any CPU
	EndGlobalSection
	GlobalSection(SolutionProperties) = preSolution
		HideSolutionNode = FALSE
	EndGlobalSection
	GlobalSection(ExtensibilityGlobals) = postSolution
		SolutionGuid = {1A1BB7BC-3F9F-4BC9-89A4-3860840157A1}
	EndGlobalSection
EndGlobal
